
Microsoft Visual Studio Solution File, Format Version 12.00
# Visual Studio Version 16
VisualStudioVersion = 16.0.31019.35
MinimumVisualStudioVersion = 10.0.40219.1
Project("{FAE04EC0-301F-11D3-BF4B-00C04F79EFBC}") = "FirstCoreWebApp", "FirstCoreWebApp\FirstCoreWebApp.csproj", "{701CB7FA-ECED-4E21-BF07-458001A2395E}"
EndProject
Global
	GlobalSection(SolutionConfigurationPlatforms) = preSolution
		Debug|Any CPU = Debug|Any CPU
		Release|Any CPU = Release|Any CPU
	EndGlobalSection
	GlobalSection(ProjectConfigurationPlatforms) = postSolution
		{701CB7FA-ECED-4E21-BF07-458001A2395E}.Debug|Any CPU.ActiveCfg = Debug|Any CPU
		{701CB7FA-ECED-4E21-BF07-458001A2395E}.Debug|Any CPU.Build.0 = Debug|Any CPU
		{701CB7FA-ECED-4E21-BF07-458001A2395E}.Release|Any CPU.ActiveCfg = Release|Any CPU
		{701CB7FA-ECED-4E21-BF07-458001A2395E}.Release|Any CPU.Build.0 = Release|Any CPU
	EndGlobalSection
	GlobalSection(SolutionProperties) = preSolution
		HideSolutionNode = FALSE
	EndGlobalSection
	GlobalSection(ExtensibilityGlobals) = postSolution
		SolutionGuid = {A31FD986-9BCF-4A24-A70D-60C8ADB44760}
	EndGlobalSection
EndGlobal
