
Microsoft Visual Studio Solution File, Format Version 12.00
# Visual Studio Version 16
VisualStudioVersion = 16.0.31019.35
MinimumVisualStudioVersion = 10.0.40219.1
Project("{FAE04EC0-301F-11D3-BF4B-00C04F79EFBC}") = "PlayersManagerLib", "PlayersManagerLib\PlayersManagerLib.csproj", "{B2C955C7-474C-439A-BEB5-851C5A0D26B9}"
EndProject
Project("{FAE04EC0-301F-11D3-BF4B-00C04F79EFBC}") = "PlayerManager.Tests", "PlayerManager.Tests\PlayerManager.Tests.csproj", "{C6620495-CF3D-4A9D-978C-0C5510C4A904}"
EndProject
Global
	GlobalSection(SolutionConfigurationPlatforms) = preSolution
		Debug|Any CPU = Debug|Any CPU
		Release|Any CPU = Release|Any CPU
	EndGlobalSection
	GlobalSection(ProjectConfigurationPlatforms) = postSolution
		{B2C955C7-474C-439A-BEB5-851C5A0D26B9}.Debug|Any CPU.ActiveCfg = Debug|Any CPU
		{B2C955C7-474C-439A-BEB5-851C5A0D26B9}.Debug|Any CPU.Build.0 = Debug|Any CPU
		{B2C955C7-474C-439A-BEB5-851C5A0D26B9}.Release|Any CPU.ActiveCfg = Release|Any CPU
		{B2C955C7-474C-439A-BEB5-851C5A0D26B9}.Release|Any CPU.Build.0 = Release|Any CPU
		{C6620495-CF3D-4A9D-978C-0C5510C4A904}.Debug|Any CPU.ActiveCfg = Debug|Any CPU
		{C6620495-CF3D-4A9D-978C-0C5510C4A904}.Debug|Any CPU.Build.0 = Debug|Any CPU
		{C6620495-CF3D-4A9D-978C-0C5510C4A904}.Release|Any CPU.ActiveCfg = Release|Any CPU
		{C6620495-CF3D-4A9D-978C-0C5510C4A904}.Release|Any CPU.Build.0 = Release|Any CPU
	EndGlobalSection
	GlobalSection(SolutionProperties) = preSolution
		HideSolutionNode = FALSE
	EndGlobalSection
	GlobalSection(ExtensibilityGlobals) = postSolution
		SolutionGuid = {B4562E9A-09DD-4D6F-A437-2555D210F666}
	EndGlobalSection
EndGlobal
