
Microsoft Visual Studio Solution File, Format Version 12.00
# Visual Studio Version 16
VisualStudioVersion = 16.0.31019.35
MinimumVisualStudioVersion = 10.0.40219.1
Project("{FAE04EC0-301F-11D3-BF4B-00C04F79EFBC}") = "SimpleCalculator", "SimpleCalculator\SimpleCalculator.csproj", "{A2FE4DED-D609-474F-8937-CEADF30F16B2}"
EndProject
Project("{FAE04EC0-301F-11D3-BF4B-00C04F79EFBC}") = "CalcTests", "CalcTests\CalcTests.csproj", "{2F4DD46D-2FAF-404A-B582-ED174BC2DDB1}"
EndProject
Global
	GlobalSection(SolutionConfigurationPlatforms) = preSolution
		Debug|Any CPU = Debug|Any CPU
		Release|Any CPU = Release|Any CPU
	EndGlobalSection
	GlobalSection(ProjectConfigurationPlatforms) = postSolution
		{A2FE4DED-D609-474F-8937-CEADF30F16B2}.Debug|Any CPU.ActiveCfg = Debug|Any CPU
		{A2FE4DED-D609-474F-8937-CEADF30F16B2}.Debug|Any CPU.Build.0 = Debug|Any CPU
		{A2FE4DED-D609-474F-8937-CEADF30F16B2}.Release|Any CPU.ActiveCfg = Release|Any CPU
		{A2FE4DED-D609-474F-8937-CEADF30F16B2}.Release|Any CPU.Build.0 = Release|Any CPU
		{2F4DD46D-2FAF-404A-B582-ED174BC2DDB1}.Debug|Any CPU.ActiveCfg = Debug|Any CPU
		{2F4DD46D-2FAF-404A-B582-ED174BC2DDB1}.Debug|Any CPU.Build.0 = Debug|Any CPU
		{2F4DD46D-2FAF-404A-B582-ED174BC2DDB1}.Release|Any CPU.ActiveCfg = Release|Any CPU
		{2F4DD46D-2FAF-404A-B582-ED174BC2DDB1}.Release|Any CPU.Build.0 = Release|Any CPU
	EndGlobalSection
	GlobalSection(SolutionProperties) = preSolution
		HideSolutionNode = FALSE
	EndGlobalSection
	GlobalSection(ExtensibilityGlobals) = postSolution
		SolutionGuid = {BD37F8FD-6042-41C2-A32F-28D475A5CCC9}
	EndGlobalSection
EndGlobal
