
Microsoft Visual Studio Solution File, Format Version 12.00
# Visual Studio Version 16
VisualStudioVersion = 16.0.31019.35
MinimumVisualStudioVersion = 10.0.40219.1
Project("{FAE04EC0-301F-11D3-BF4B-00C04F79EFBC}") = "OptionalParameters", "OptionalParameters\OptionalParameters.csproj", "{374DD5BB-BB36-4564-B544-9E6D332F217D}"
EndProject
Global
	GlobalSection(SolutionConfigurationPlatforms) = preSolution
		Debug|Any CPU = Debug|Any CPU
		Release|Any CPU = Release|Any CPU
	EndGlobalSection
	GlobalSection(ProjectConfigurationPlatforms) = postSolution
		{374DD5BB-BB36-4564-B544-9E6D332F217D}.Debug|Any CPU.ActiveCfg = Debug|Any CPU
		{374DD5BB-BB36-4564-B544-9E6D332F217D}.Debug|Any CPU.Build.0 = Debug|Any CPU
		{374DD5BB-BB36-4564-B544-9E6D332F217D}.Release|Any CPU.ActiveCfg = Release|Any CPU
		{374DD5BB-BB36-4564-B544-9E6D332F217D}.Release|Any CPU.Build.0 = Release|Any CPU
	EndGlobalSection
	GlobalSection(SolutionProperties) = preSolution
		HideSolutionNode = FALSE
	EndGlobalSection
	GlobalSection(ExtensibilityGlobals) = postSolution
		SolutionGuid = {08D1A9D3-658E-467A-B266-3FB830AA7630}
	EndGlobalSection
EndGlobal
